
Microsoft Visual Studio Solution File, Format Version 12.00
# Visual Studio Version 17
VisualStudioVersion = 17.5.33627.172
MinimumVisualStudioVersion = 10.0.40219.1
Project("{FAE04EC0-301F-11D3-BF4B-00C04F79EFBC}") = "AAB_KATM_SERVER", "AAB_KATM_SERVER\AAB_KATM_SERVER.csproj", "{9DD57249-E97F-467C-9FF5-7C531CF32C8B}"
EndProject
Project("{E53339B2-1760-4266-BCC7-CA923CBCF16C}") = "docker-compose", "docker-compose.dcproj", "{1CB9E2A9-CA90-4954-BCCD-C518C11C40BE}"
EndProject
Global
	GlobalSection(SolutionConfigurationPlatforms) = preSolution
		Debug|Any CPU = Debug|Any CPU
		Release|Any CPU = Release|Any CPU
	EndGlobalSection
	GlobalSection(ProjectConfigurationPlatforms) = postSolution
		{9DD57249-E97F-467C-9FF5-7C531CF32C8B}.Debug|Any CPU.ActiveCfg = Debug|Any CPU
		{9DD57249-E97F-467C-9FF5-7C531CF32C8B}.Debug|Any CPU.Build.0 = Debug|Any CPU
		{9DD57249-E97F-467C-9FF5-7C531CF32C8B}.Release|Any CPU.ActiveCfg = Release|Any CPU
		{9DD57249-E97F-467C-9FF5-7C531CF32C8B}.Release|Any CPU.Build.0 = Release|Any CPU
		{1CB9E2A9-CA90-4954-BCCD-C518C11C40BE}.Debug|Any CPU.ActiveCfg = Debug|Any CPU
		{1CB9E2A9-CA90-4954-BCCD-C518C11C40BE}.Debug|Any CPU.Build.0 = Debug|Any CPU
		{1CB9E2A9-CA90-4954-BCCD-C518C11C40BE}.Release|Any CPU.ActiveCfg = Release|Any CPU
		{1CB9E2A9-CA90-4954-BCCD-C518C11C40BE}.Release|Any CPU.Build.0 = Release|Any CPU
	EndGlobalSection
	GlobalSection(SolutionProperties) = preSolution
		HideSolutionNode = FALSE
	EndGlobalSection
	GlobalSection(ExtensibilityGlobals) = postSolution
		SolutionGuid = {6CC33C65-6104-4FD5-9213-3BC1132C5C1C}
	EndGlobalSection
EndGlobal
